
Microsoft Visual Studio Solution File, Format Version 12.00
# Visual Studio Version 16
VisualStudioVersion = 16.0.30002.166
MinimumVisualStudioVersion = 10.0.40219.1
Project("{FAE04EC0-301F-11D3-BF4B-00C04F79EFBC}") = "Chess", "Chess\Chess.csproj", "{AE5F04A3-F398-44D3-A3EA-EE6108D2342C}"
EndProject
Project("{FAE04EC0-301F-11D3-BF4B-00C04F79EFBC}") = "DemoChess", "DemoChes\DemoChess.csproj", "{56990E3C-A99A-4DA4-95BF-263DD9D4C95F}"
EndProject
Global
	GlobalSection(SolutionConfigurationPlatforms) = preSolution
		Debug|Any CPU = Debug|Any CPU
		Release|Any CPU = Release|Any CPU
	EndGlobalSection
	GlobalSection(ProjectConfigurationPlatforms) = postSolution
		{AE5F04A3-F398-44D3-A3EA-EE6108D2342C}.Debug|Any CPU.ActiveCfg = Debug|Any CPU
		{AE5F04A3-F398-44D3-A3EA-EE6108D2342C}.Debug|Any CPU.Build.0 = Debug|Any CPU
		{AE5F04A3-F398-44D3-A3EA-EE6108D2342C}.Release|Any CPU.ActiveCfg = Release|Any CPU
		{AE5F04A3-F398-44D3-A3EA-EE6108D2342C}.Release|Any CPU.Build.0 = Release|Any CPU
		{56990E3C-A99A-4DA4-95BF-263DD9D4C95F}.Debug|Any CPU.ActiveCfg = Debug|Any CPU
		{56990E3C-A99A-4DA4-95BF-263DD9D4C95F}.Debug|Any CPU.Build.0 = Debug|Any CPU
		{56990E3C-A99A-4DA4-95BF-263DD9D4C95F}.Release|Any CPU.ActiveCfg = Release|Any CPU
		{56990E3C-A99A-4DA4-95BF-263DD9D4C95F}.Release|Any CPU.Build.0 = Release|Any CPU
	EndGlobalSection
	GlobalSection(SolutionProperties) = preSolution
		HideSolutionNode = FALSE
	EndGlobalSection
	GlobalSection(ExtensibilityGlobals) = postSolution
		SolutionGuid = {063DB6B4-4787-494F-9BF2-4BC9AF1010FC}
	EndGlobalSection
EndGlobal
